
Microsoft Visual Studio Solution File, Format Version 12.00
# Visual Studio Version 17
VisualStudioVersion = 17.5.33530.505
MinimumVisualStudioVersion = 10.0.40219.1
Project("{888888A0-9F3D-457C-B088-3A5042F75D52}") = "PythonApplication1337", "PythonApplication1337\PythonApplication1337.pyproj", "{4E499DEC-4540-45DB-9ACA-771833294831}"
EndProject
Global
	GlobalSection(SolutionConfigurationPlatforms) = preSolution
		Debug|Any CPU = Debug|Any CPU
		Release|Any CPU = Release|Any CPU
	EndGlobalSection
	GlobalSection(ProjectConfigurationPlatforms) = postSolution
		{4E499DEC-4540-45DB-9ACA-771833294831}.Debug|Any CPU.ActiveCfg = Debug|Any CPU
		{4E499DEC-4540-45DB-9ACA-771833294831}.Release|Any CPU.ActiveCfg = Release|Any CPU
	EndGlobalSection
	GlobalSection(SolutionProperties) = preSolution
		HideSolutionNode = FALSE
	EndGlobalSection
	GlobalSection(ExtensibilityGlobals) = postSolution
		SolutionGuid = {FB4E26A4-68C5-4BFD-8AD9-FE18B40603DF}
	EndGlobalSection
EndGlobal
